
Microsoft Visual Studio Solution File, Format Version 12.00
# Visual Studio Version 16
VisualStudioVersion = 16.0.29613.14
MinimumVisualStudioVersion = 10.0.40219.1
Project("{FAE04EC0-301F-11D3-BF4B-00C04F79EFBC}") = "HBSDesktop", "HolidayBookingSystem\HBSDesktop.csproj", "{CBF5B24E-26D3-4EDC-A480-1D3BD892BEC8}"
EndProject
Project("{FAE04EC0-301F-11D3-BF4B-00C04F79EFBC}") = "HBSDatabase", "HBSDatabase\HBSDatabase.csproj", "{BB6319A2-7A1E-46C3-A944-753E98236B9B}"
EndProject
Project("{FAE04EC0-301F-11D3-BF4B-00C04F79EFBC}") = "HBSWeb", "HBSWeb\HBSWeb.csproj", "{8AF8AB3A-64A7-4066-8EF5-B6F5F5771210}"
EndProject
Project("{FAE04EC0-301F-11D3-BF4B-00C04F79EFBC}") = "SolutionUtils", "SolutionUtils\SolutionUtils.csproj", "{A7C5B690-E6F4-484B-83F8-C93423EBCC90}"
EndProject
Project("{FAE04EC0-301F-11D3-BF4B-00C04F79EFBC}") = "HBSMobileApp", "HBSMobileApp\HBSMobileApp.csproj", "{AAC0C087-3858-4A93-8964-6920CEB77EA4}"
EndProject
Global
	GlobalSection(SolutionConfigurationPlatforms) = preSolution
		Debug|Any CPU = Debug|Any CPU
		Release|Any CPU = Release|Any CPU
	EndGlobalSection
	GlobalSection(ProjectConfigurationPlatforms) = postSolution
		{CBF5B24E-26D3-4EDC-A480-1D3BD892BEC8}.Debug|Any CPU.ActiveCfg = Debug|Any CPU
		{CBF5B24E-26D3-4EDC-A480-1D3BD892BEC8}.Debug|Any CPU.Build.0 = Debug|Any CPU
		{CBF5B24E-26D3-4EDC-A480-1D3BD892BEC8}.Release|Any CPU.ActiveCfg = Release|Any CPU
		{CBF5B24E-26D3-4EDC-A480-1D3BD892BEC8}.Release|Any CPU.Build.0 = Release|Any CPU
		{BB6319A2-7A1E-46C3-A944-753E98236B9B}.Debug|Any CPU.ActiveCfg = Debug|Any CPU
		{BB6319A2-7A1E-46C3-A944-753E98236B9B}.Debug|Any CPU.Build.0 = Debug|Any CPU
		{BB6319A2-7A1E-46C3-A944-753E98236B9B}.Release|Any CPU.ActiveCfg = Release|Any CPU
		{BB6319A2-7A1E-46C3-A944-753E98236B9B}.Release|Any CPU.Build.0 = Release|Any CPU
		{8AF8AB3A-64A7-4066-8EF5-B6F5F5771210}.Debug|Any CPU.ActiveCfg = Debug|Any CPU
		{8AF8AB3A-64A7-4066-8EF5-B6F5F5771210}.Debug|Any CPU.Build.0 = Debug|Any CPU
		{8AF8AB3A-64A7-4066-8EF5-B6F5F5771210}.Release|Any CPU.ActiveCfg = Release|Any CPU
		{8AF8AB3A-64A7-4066-8EF5-B6F5F5771210}.Release|Any CPU.Build.0 = Release|Any CPU
		{A7C5B690-E6F4-484B-83F8-C93423EBCC90}.Debug|Any CPU.ActiveCfg = Debug|Any CPU
		{A7C5B690-E6F4-484B-83F8-C93423EBCC90}.Debug|Any CPU.Build.0 = Debug|Any CPU
		{A7C5B690-E6F4-484B-83F8-C93423EBCC90}.Release|Any CPU.ActiveCfg = Release|Any CPU
		{A7C5B690-E6F4-484B-83F8-C93423EBCC90}.Release|Any CPU.Build.0 = Release|Any CPU
		{AAC0C087-3858-4A93-8964-6920CEB77EA4}.Debug|Any CPU.ActiveCfg = Debug|Any CPU
		{AAC0C087-3858-4A93-8964-6920CEB77EA4}.Debug|Any CPU.Build.0 = Debug|Any CPU
		{AAC0C087-3858-4A93-8964-6920CEB77EA4}.Release|Any CPU.ActiveCfg = Release|Any CPU
		{AAC0C087-3858-4A93-8964-6920CEB77EA4}.Release|Any CPU.Build.0 = Release|Any CPU
	EndGlobalSection
	GlobalSection(SolutionProperties) = preSolution
		HideSolutionNode = FALSE
	EndGlobalSection
	GlobalSection(ExtensibilityGlobals) = postSolution
		SolutionGuid = {B589A295-BE8E-482B-B201-E7F46531EF59}
	EndGlobalSection
EndGlobal
